lockfileVersion: '9.0'

settings:
  autoInstallPeers: true
  excludeLinksFromLockfile: false

importers:

  .:
    dependencies:
      htm:
        specifier: ^3.1.1
        version: 3.1.1
    devDependencies:
      '@types/pouchdb':
        specifier: ^6.4.2
        version: 6.4.2

packages:

  '@types/debug@4.1.12':
    resolution: {integrity: sha512-vIChWdVG3LG1SMxEvI/AK+FWJthlrqlTu7fbrlywTkkaONwk/UAGaULXRlf8vkzFBLVm0zkMdCquhL5aOjhXPQ==}

  '@types/ms@2.1.0':
    resolution: {integrity: sha512-GsCCIZDE/p3i96vtEqx+7dBUGXrc7zeSK3wwPHIaRThS+9OhWIXRqzs4d6k1SVU8g91DrNRWxWUGhp5KXQb2VA==}

  '@types/pouchdb-adapter-cordova-sqlite@1.0.4':
    resolution: {integrity: sha512-1MGjmAMux3OIyJ+iXfhJ5hNIzS+KjGJ05O3bF5Gen5TiJUFNK1bOp3VVV9SxXgz+hGwnBruBAWdAqhbB6ZHhSA==}

  '@types/pouchdb-adapter-fruitdown@6.1.6':
    resolution: {integrity: sha512-KaFB29hUI97eTtJI6pjv7EQcqhZ63qHWovKgyiE+HZF5fVmdrBbTmnIrbR87AJXcXKy47+oQFJ7rzxY8TalpLQ==}

  '@types/pouchdb-adapter-http@6.1.6':
    resolution: {integrity: sha512-DJur1mt07GJXwGb5K+MOILoCOSgoQpsi7hybcTzRLeR3IO8Y8eq7TnhTkftAJdx9VHJGOiOXFjO+8BYM69j5yA==}

  '@types/pouchdb-adapter-idb@6.1.7':
    resolution: {integrity: sha512-KwjkJ4fTNz5wPXYu20bUoWud7ty0t7tgdo4oc0AJvG+fcURAH7mI7uFmpE4dZIT+hUq5G61xu96AVq9b2q4T3g==}

  '@types/pouchdb-adapter-leveldb@6.1.6':
    resolution: {integrity: sha512-mqeTpA2Ni2U4FA5ISRESy4WwhfUahXViUa3jQpXGdSpruaeHlhTLzZJPyz7/mGlvdAfAFv9Vd5d6ys3ASmMujw==}

  '@types/pouchdb-adapter-localstorage@6.1.6':
    resolution: {integrity: sha512-+HQBCpD80XkKJE64r7uLwzkNRgkvMnhDI5rIFLx3USxdrRph/R3awcEubRFndcgtxzcUaL9iYw9KetgFMUqPrg==}

  '@types/pouchdb-adapter-memory@6.1.6':
    resolution: {integrity: sha512-QCCtW561XuwFACzP/4zYySzs/a4em0EeuQdszen0YOaGV1/fRqJE0dOlmzh8do4sNJomLO6+MFtEzguGljnkgA==}

  '@types/pouchdb-adapter-node-websql@6.1.5':
    resolution: {integrity: sha512-yi68syUvHs4OM3mzKlh4zfpov64KITIAnxi387zgdby6SEfAJzWPC0dfH77iEVRDGCrKb3cKTNkl/UGHnphaow==}

  '@types/pouchdb-adapter-websql@6.1.7':
    resolution: {integrity: sha512-9oNkP5ZCGMkQALO9KmtbHXlkBq8i2hoCEE6/gWzRicAvL1y+WIKjEQiIIEamMhj5u5tARvW3n2/r+JXwLCyYgw==}

  '@types/pouchdb-browser@6.1.5':
    resolution: {integrity: sha512-f+HjxEjYFpgoYWXnMI9AQZZ+SIG8dBiBPrpfWWGsCl+48rumsP5BuBWHq/aXoB8SRKYO0XdP4TNvMBWM3UATCw==}

  '@types/pouchdb-core@7.0.15':
    resolution: {integrity: sha512-gq1Qbqn9nCaAKRRv6fRHZ4/ER+QYEwSXBZlDQcxwdbPrtZO8EhIn2Bct0AlguaSEdFcABfbaxxyQwFINkNQ9dQ==}

  '@types/pouchdb-find@7.3.3':
    resolution: {integrity: sha512-U7zXk67s9Ar+9Pwj5kSbuMnn8zif0AOOIPy4KRFeJ/S/Tk+mNS90soj+3OV21H8xyB7WTxjvS1JLablZC6C6ow==}

  '@types/pouchdb-http@6.1.5':
    resolution: {integrity: sha512-9jGCAl6DUsXIl1vjuPu8tzGykAr84549P4IS0zYdrOKq5eXzQRUb/tb2hEVTmmTcYKXu2P1N55ABsdDNZvzGGA==}

  '@types/pouchdb-mapreduce@6.1.10':
    resolution: {integrity: sha512-AgYVqCnaA5D7cWkWyzZVuk0137N4yZsmIQTD/i3DmuMxYYoFrtWUoQu0tbA52SpTRGdL8ubQ7JFQXzA13fA6IQ==}

  '@types/pouchdb-node@6.1.7':
    resolution: {integrity: sha512-hryc2eCtNB3GbLcHSwU8glLaY66gDMus1AYkcIYAAxufdnK2BAy1oxaRLmnwRn1A1vG41P/t0htFD161LUnfQw==}

  '@types/pouchdb-replication@6.4.7':
    resolution: {integrity: sha512-slB4zOwri3SAVHioFx/FWC/KqOzzb7nDFtV+qzaKzxkf+U5zTwCbK3uRHaj0d/XQk0DwVeajf1ni3Wiyq3j2OA==}

  '@types/pouchdb@6.4.2':
    resolution: {integrity: sha512-YsI47rASdtzR+3V3JE2UKY58snhm0AglHBpyckQBkRYoCbTvGagXHtV0x5n8nzN04jQmvTG+Sm85cIzKT3KXBA==}

  htm@3.1.1:
    resolution: {integrity: sha512-983Vyg8NwUE7JkZ6NmOqpCZ+sh1bKv2iYTlUkzlWmA5JD2acKoxd4KVxbMmxX/85mtfdnDmTFoNKcg5DGAvxNQ==}

snapshots:

  '@types/debug@4.1.12':
    dependencies:
      '@types/ms': 2.1.0

  '@types/ms@2.1.0': {}

  '@types/pouchdb-adapter-cordova-sqlite@1.0.4':
    dependencies:
      '@types/pouchdb-core': 7.0.15

  '@types/pouchdb-adapter-fruitdown@6.1.6':
    dependencies:
      '@types/pouchdb-core': 7.0.15

  '@types/pouchdb-adapter-http@6.1.6':
    dependencies:
      '@types/pouchdb-core': 7.0.15

  '@types/pouchdb-adapter-idb@6.1.7':
    dependencies:
      '@types/pouchdb-core': 7.0.15

  '@types/pouchdb-adapter-leveldb@6.1.6':
    dependencies:
      '@types/pouchdb-core': 7.0.15

  '@types/pouchdb-adapter-localstorage@6.1.6':
    dependencies:
      '@types/pouchdb-core': 7.0.15

  '@types/pouchdb-adapter-memory@6.1.6':
    dependencies:
      '@types/pouchdb-core': 7.0.15

  '@types/pouchdb-adapter-node-websql@6.1.5':
    dependencies:
      '@types/pouchdb-adapter-websql': 6.1.7
      '@types/pouchdb-core': 7.0.15

  '@types/pouchdb-adapter-websql@6.1.7':
    dependencies:
      '@types/pouchdb-core': 7.0.15

  '@types/pouchdb-browser@6.1.5':
    dependencies:
      '@types/pouchdb-adapter-http': 6.1.6
      '@types/pouchdb-adapter-idb': 6.1.7
      '@types/pouchdb-adapter-websql': 6.1.7
      '@types/pouchdb-core': 7.0.15
      '@types/pouchdb-mapreduce': 6.1.10
      '@types/pouchdb-replication': 6.4.7

  '@types/pouchdb-core@7.0.15':
    dependencies:
      '@types/debug': 4.1.12
      '@types/pouchdb-find': 7.3.3

  '@types/pouchdb-find@7.3.3':
    dependencies:
      '@types/pouchdb-core': 7.0.15

  '@types/pouchdb-http@6.1.5':
    dependencies:
      '@types/pouchdb-adapter-http': 6.1.6
      '@types/pouchdb-core': 7.0.15

  '@types/pouchdb-mapreduce@6.1.10':
    dependencies:
      '@types/pouchdb-core': 7.0.15

  '@types/pouchdb-node@6.1.7':
    dependencies:
      '@types/pouchdb-adapter-http': 6.1.6
      '@types/pouchdb-adapter-leveldb': 6.1.6
      '@types/pouchdb-core': 7.0.15
      '@types/pouchdb-mapreduce': 6.1.10
      '@types/pouchdb-replication': 6.4.7

  '@types/pouchdb-replication@6.4.7':
    dependencies:
      '@types/pouchdb-core': 7.0.15
      '@types/pouchdb-find': 7.3.3

  '@types/pouchdb@6.4.2':
    dependencies:
      '@types/pouchdb-adapter-cordova-sqlite': 1.0.4
      '@types/pouchdb-adapter-fruitdown': 6.1.6
      '@types/pouchdb-adapter-http': 6.1.6
      '@types/pouchdb-adapter-idb': 6.1.7
      '@types/pouchdb-adapter-leveldb': 6.1.6
      '@types/pouchdb-adapter-localstorage': 6.1.6
      '@types/pouchdb-adapter-memory': 6.1.6
      '@types/pouchdb-adapter-node-websql': 6.1.5
      '@types/pouchdb-adapter-websql': 6.1.7
      '@types/pouchdb-browser': 6.1.5
      '@types/pouchdb-core': 7.0.15
      '@types/pouchdb-http': 6.1.5
      '@types/pouchdb-mapreduce': 6.1.10
      '@types/pouchdb-node': 6.1.7
      '@types/pouchdb-replication': 6.4.7

  htm@3.1.1: {}
